// !$*UTF8*$!
{
	archiveVersion = 1;
	classes = {
	};
	objectVersion = 46;
	objects = {

/* Begin PBXBuildFile section */
		025886B11C07FB25004260DC /* ViewController2.swift in Sources */ = {isa = PBXBuildFile; fileRef = 025886B01C07FB25004260DC /* ViewController2.swift */; };
		02661EA91C06A7720075131C /* AppDelegate.swift in Sources */ = {isa = PBXBuildFile; fileRef = 02661EA81C06A7720075131C /* AppDelegate.swift */; };
		02661EAB1C06A7720075131C /* ViewController.swift in Sources */ = {isa = PBXBuildFile; fileRef = 02661EAA1C06A7720075131C /* ViewController.swift */; };
		02661EAE1C06A7720075131C /* Main.storyboard in Resources */ = {isa = PBXBuildFile; fileRef = 02661EAC1C06A7720075131C /* Main.storyboard */; };
		02661EB01C06A7720075131C /* Assets.xcassets in Resources */ = {isa = PBXBuildFile; fileRef = 02661EAF1C06A7720075131C /* Assets.xcassets */; };
		02661EB31C06A7720075131C /* LaunchScreen.storyboard in Resources */ = {isa = PBXBuildFile; fileRef = 02661EB11C06A7720075131C /* LaunchScreen.storyboard */; };
		02661EBE1C06A7720075131C /* ConsultarLibrosTests.swift in Sources */ = {isa = PBXBuildFile; fileRef = 02661EBD1C06A7720075131C /* ConsultarLibrosTests.swift */; };
		02661EC91C06A7720075131C /* ConsultarLibrosUITests.swift in Sources */ = {isa = PBXBuildFile; fileRef = 02661EC81C06A7720075131C /* ConsultarLibrosUITests.swift */; };
/* End PBXBuildFile section */

/* Begin PBXContainerItemProxy section */
		02661EBA1C06A7720075131C /* PBXContainerItemProxy */ = {
			isa = PBXContainerItemProxy;
			containerPortal = 02661E9D1C06A7720075131C /* Project object */;
			proxyType = 1;
			remoteGlobalIDString = 02661EA41C06A7720075131C;
			remoteInfo = ConsultarLibros;
		};
		02661EC51C06A7720075131C /* PBXContainerItemProxy */ = {
			isa = PBXContainerItemProxy;
			containerPortal = 02661E9D1C06A7720075131C /* Project object */;
			proxyType = 1;
			remoteGlobalIDString = 02661EA41C06A7720075131C;
			remoteInfo = ConsultarLibros;
		};
/* End PBXContainerItemProxy section */

/* Begin PBXFileReference section */
		025886B01C07FB25004260DC /* ViewController2.swift */ = {isa = PBXFileReference; fileEncoding = 4; lastKnownFileType = sourcecode.swift; path = ViewController2.swift; sourceTree = "<group>"; };
		02661EA51C06A7720075131C /* ConsultarLibros.app */ = {isa = PBXFileReference; explicitFileType = wrapper.application; includeInIndex = 0; path = ConsultarLibros.app; sourceTree = BUILT_PRODUCTS_DIR; };
		02661EA81C06A7720075131C /* AppDelegate.swift */ = {isa = PBXFileReference; lastKnownFileType = sourcecode.swift; path = AppDelegate.swift; sourceTree = "<group>"; };
		02661EAA1C06A7720075131C /* ViewController.swift */ = {isa = PBXFileReference; lastKnownFileType = sourcecode.swift; path = ViewController.swift; sourceTree = "<group>"; };
		02661EAD1C06A7720075131C /* Base */ = {isa = PBXFileReference; lastKnownFileType = file.storyboard; name = Base; path = Base.lproj/Main.storyboard; sourceTree = "<group>"; };
		02661EAF1C06A7720075131C /* Assets.xcassets */ = {isa = PBXFileReference; lastKnownFileType = folder.assetcatalog; path = Assets.xcassets; sourceTree = "<group>"; };
		02661EB21C06A7720075131C /* Base */ = {isa = PBXFileReference; lastKnownFileType = file.storyboard; name = Base; path = Base.lproj/LaunchScreen.storyboard; sourceTree = "<group>"; };
		02661EB41C06A7720075131C /* Info.plist */ = {isa = PBXFileReference; lastKnownFileType = text.plist.xml; path = Info.plist; sourceTree = "<group>"; };
		02661EB91C06A7720075131C /* ConsultarLibrosTests.xctest */ = {isa = PBXFileReference; explicitFileType = wrapper.cfbundle; includeInIndex = 0; path = ConsultarLibrosTests.xctest; sourceTree = BUILT_PRODUCTS_DIR; };
		02661EBD1C06A7720075131C /* ConsultarLibrosTests.swift */ = {isa = PBXFileReference; lastKnownFileType = sourcecode.swift; path = ConsultarLibrosTests.swift; sourceTree = "<group>"; };
		02661EBF1C06A7720075131C /* Info.plist */ = {isa = PBXFileReference; lastKnownFileType = text.plist.xml; path = Info.plist; sourceTree = "<group>"; };
		02661EC41C06A7720075131C /* ConsultarLibrosUITests.xctest */ = {isa = PBXFileReference; explicitFileType = wrapper.cfbundle; includeInIndex = 0; path = ConsultarLibrosUITests.xctest; sourceTree = BUILT_PRODUCTS_DIR; };
		02661EC81C06A7720075131C /* ConsultarLibrosUITests.swift */ = {isa = PBXFileReference; lastKnownFileType = sourcecode.swift; path = ConsultarLibrosUITests.swift; sourceTree = "<group>"; };
		02661ECA1C06A7720075131C /* Info.plist */ = {isa = PBXFileReference; lastKnownFileType = text.plist.xml; path = Info.plist; sourceTree = "<group>"; };
/* End PBXFileReference section */

/* Begin PBXFrameworksBuildPhase section */
		02661EA21C06A7720075131C /* Frameworks */ = {
			isa = PBXFrameworksBuildPhase;
			buildActionMask = 2147483647;
			files = (
			);
			runOnlyForDeploymentPostprocessing = 0;
		};
		02661EB61C06A7720075131C /* Frameworks */ = {
			isa = PBXFrameworksBuildPhase;
			buildActionMask = 2147483647;
			files = (
			);
			runOnlyForDeploymentPostprocessing = 0;
		};
		02661EC11C06A7720075131C /* Frameworks */ = {
			isa = PBXFrameworksBuildPhase;
			buildActionMask = 2147483647;
			files = (
			);
			runOnlyForDeploymentPostprocessing = 0;
		};
/* End PBXFrameworksBuildPhase section */

/* Begin PBXGroup section */
		02661E9C1C06A7720075131C = {
			isa = PBXGroup;
			children = (
				02661EA71C06A7720075131C /* ConsultarLibros */,
				02661EBC1C06A7720075131C /* ConsultarLibrosTests */,
				02661EC71C06A7720075131C /* ConsultarLibrosUITests */,
				02661EA61C06A7720075131C /* Products */,
			);
			sourceTree = "<group>";
		};
		02661EA61C06A7720075131C /* Products */ = {
			isa = PBXGroup;
			children = (
				02661EA51C06A7720075131C /* ConsultarLibros.app */,
				02661EB91C06A7720075131C /* ConsultarLibrosTests.xctest */,
				02661EC41C06A7720075131C /* ConsultarLibrosUITests.xctest */,
			);
			name = Products;
			sourceTree = "<group>";
		};
		02661EA71C06A7720075131C /* ConsultarLibros */ = {
			isa = PBXGroup;
			children = (
				02661EA81C06A7720075131C /* AppDelegate.swift */,
				02661EAA1C06A7720075131C /* ViewController.swift */,
				02661EAC1C06A7720075131C /* Main.storyboard */,
				02661EAF1C06A7720075131C /* Assets.xcassets */,
				02661EB11C06A7720075131C /* LaunchScreen.storyboard */,
				02661EB41C06A7720075131C /* Info.plist */,
				025886B01C07FB25004260DC /* ViewController2.swift */,
			);
			path = ConsultarLibros;
			sourceTree = "<group>";
		};
		02661EBC1C06A7720075131C /* ConsultarLibrosTests */ = {
			isa = PBXGroup;
			children = (
				02661EBD1C06A7720075131C /* ConsultarLibrosTests.swift */,
				02661EBF1C06A7720075131C /* Info.plist */,
			);
			path = ConsultarLibrosTests;
			sourceTree = "<group>";
		};
		02661EC71C06A7720075131C /* ConsultarLibrosUITests */ = {
			isa = PBXGroup;
			children = (
				02661EC81C06A7720075131C /* ConsultarLibrosUITests.swift */,
				02661ECA1C06A7720075131C /* Info.plist */,
			);
			path = ConsultarLibrosUITests;
			sourceTree = "<group>";
		};
/* End PBXGroup section */

/* Begin PBXNativeTarget section */
		02661EA41C06A7720075131C /* ConsultarLibros */ = {
			isa = PBXNativeTarget;
			buildConfigurationList = 02661ECD1C06A7720075131C /* Build configuration list for PBXNativeTarget "ConsultarLibros" */;
			buildPhases = (
				02661EA11C06A7720075131C /* Sources */,
				02661EA21C06A7720075131C /* Frameworks */,
				02661EA31C06A7720075131C /* Resources */,
			);
			buildRules = (
			);
			dependencies = (
			);
			name = ConsultarLibros;
			productName = ConsultarLibros;
			productReference = 02661EA51C06A7720075131C /* ConsultarLibros.app */;
			productType = "com.apple.product-type.application";
		};
		02661EB81C06A7720075131C /* ConsultarLibrosTests */ = {
			isa = PBXNativeTarget;
			buildConfigurationList = 02661ED01C06A7720075131C /* Build configuration list for PBXNativeTarget "ConsultarLibrosTests" */;
			buildPhases = (
				02661EB51C06A7720075131C /* Sources */,
				02661EB61C06A7720075131C /* Frameworks */,
				02661EB71C06A7720075131C /* Resources */,
			);
			buildRules = (
			);
			dependencies = (
				02661EBB1C06A7720075131C /* PBXTargetDependency */,
			);
			name = ConsultarLibrosTests;
			productName = ConsultarLibrosTests;
			productReference = 02661EB91C06A7720075131C /* ConsultarLibrosTests.xctest */;
			productType = "com.apple.product-type.bundle.unit-test";
		};
		02661EC31C06A7720075131C /* ConsultarLibrosUITests */ = {
			isa = PBXNativeTarget;
			buildConfigurationList = 02661ED31C06A7720075131C /* Build configuration list for PBXNativeTarget "ConsultarLibrosUITests" */;
			buildPhases = (
				02661EC01C06A7720075131C /* Sources */,
				02661EC11C06A7720075131C /* Frameworks */,
				02661EC21C06A7720075131C /* Resources */,
			);
			buildRules = (
			);
			dependencies = (
				02661EC61C06A7720075131C /* PBXTargetDependency */,
			);
			name = ConsultarLibrosUITests;
			productName = ConsultarLibrosUITests;
			productReference = 02661EC41C06A7720075131C /* ConsultarLibrosUITests.xctest */;
			productType = "com.apple.product-type.bundle.ui-testing";
		};
/* End PBXNativeTarget section */

/* Begin PBXProject section */
		02661E9D1C06A7720075131C /* Project object */ = {
			isa = PBXProject;
			attributes = {
				LastSwiftUpdateCheck = 0710;
				LastUpgradeCheck = 0710;
				ORGANIZATIONNAME = "Alejandro Ortegon";
				TargetAttributes = {
					02661EA41C06A7720075131C = {
						CreatedOnToolsVersion = 7.1.1;
						DevelopmentTeam = FJ8YX4BRQ3;
					};
					02661EB81C06A7720075131C = {
						CreatedOnToolsVersion = 7.1.1;
						TestTargetID = 02661EA41C06A7720075131C;
					};
					02661EC31C06A7720075131C = {
						CreatedOnToolsVersion = 7.1.1;
						TestTargetID = 02661EA41C06A7720075131C;
					};
				};
			};
			buildConfigurationList = 02661EA01C06A7720075131C /* Build configuration list for PBXProject "ConsultarLibros" */;
			compatibilityVersion = "Xcode 3.2";
			developmentRegion = English;
			hasScannedForEncodings = 0;
			knownRegions = (
				en,
				Base,
			);
			mainGroup = 02661E9C1C06A7720075131C;
			productRefGroup = 02661EA61C06A7720075131C /* Products */;
			projectDirPath = "";
			projectRoot = "";
			targets = (
				02661EA41C06A7720075131C /* ConsultarLibros */,
				02661EB81C06A7720075131C /* ConsultarLibrosTests */,
				02661EC31C06A7720075131C /* ConsultarLibrosUITests */,
			);
		};
/* End PBXProject section */

/* Begin PBXResourcesBuildPhase section */
		02661EA31C06A7720075131C /* Resources */ = {
			isa = PBXResourcesBuildPhase;
			buildActionMask = 2147483647;
			files = (
				02661EB31C06A7720075131C /* LaunchScreen.storyboard in Resources */,
				02661EB01C06A7720075131C /* Assets.xcassets in Resources */,
				02661EAE1C06A7720075131C /* Main.storyboard in Resources */,
			);
			runOnlyForDeploymentPostprocessing = 0;
		};
		02661EB71C06A7720075131C /* Resources */ = {
			isa = PBXResourcesBuildPhase;
			buildActionMask = 2147483647;
			files = (
			);
			runOnlyForDeploymentPostprocessing = 0;
		};
		02661EC21C06A7720075131C /* Resources */ = {
			isa = PBXResourcesBuildPhase;
			buildActionMask = 2147483647;
			files = (
			);
			runOnlyForDeploymentPostprocessing = 0;
		};
/* End PBXResourcesBuildPhase section */

/* Begin PBXSourcesBuildPhase section */
		02661EA11C06A7720075131C /* Sources */ = {
			isa = PBXSourcesBuildPhase;
			buildActionMask = 2147483647;
			files = (
				02661EAB1C06A7720075131C /* ViewController.swift in Sources */,
				02661EA91C06A7720075131C /* AppDelegate.swift in Sources */,
				025886B11C07FB25004260DC /* ViewController2.swift in Sources */,
			);
			runOnlyForDeploymentPostprocessing = 0;
		};
		02661EB51C06A7720075131C /* Sources */ = {
			isa = PBXSourcesBuildPhase;
			buildActionMask = 2147483647;
			files = (
				02661EBE1C06A7720075131C /* ConsultarLibrosTests.swift in Sources */,
			);
			runOnlyForDeploymentPostprocessing = 0;
		};
		02661EC01C06A7720075131C /* Sources */ = {
			isa = PBXSourcesBuildPhase;
			buildActionMask = 2147483647;
			files = (
				02661EC91C06A7720075131C /* ConsultarLibrosUITests.swift in Sources */,
			);
			runOnlyForDeploymentPostprocessing = 0;
		};
/* End PBXSourcesBuildPhase section */

/* Begin PBXTargetDependency section */
		02661EBB1C06A7720075131C /* PBXTargetDependency */ = {
			isa = PBXTargetDependency;
			target = 02661EA41C06A7720075131C /* ConsultarLibros */;
			targetProxy = 02661EBA1C06A7720075131C /* PBXContainerItemProxy */;
		};
		02661EC61C06A7720075131C /* PBXTargetDependency */ = {
			isa = PBXTargetDependency;
			target = 02661EA41C06A7720075131C /* ConsultarLibros */;
			targetProxy = 02661EC51C06A7720075131C /* PBXContainerItemProxy */;
		};
/* End PBXTargetDependency section */

/* Begin PBXVariantGroup section */
		02661EAC1C06A7720075131C /* Main.storyboard */ = {
			isa = PBXVariantGroup;
			children = (
				02661EAD1C06A7720075131C /* Base */,
			);
			name = Main.storyboard;
			sourceTree = "<group>";
		};
		02661EB11C06A7720075131C /* LaunchScreen.storyboard */ = {
			isa = PBXVariantGroup;
			children = (
				02661EB21C06A7720075131C /* Base */,
			);
			name = LaunchScreen.storyboard;
			sourceTree = "<group>";
		};
/* End PBXVariantGroup section */

/* Begin XCBuildConfiguration section */
		02661ECB1C06A7720075131C /* Debug */ = {
			isa = XCBuildConfiguration;
			buildSettings = {
				ALWAYS_SEARCH_USER_PATHS = NO;
				CLANG_CXX_LANGUAGE_STANDARD = "gnu++0x";
				CLANG_CXX_LIBRARY = "libc++";
				CLANG_ENABLE_MODULES = YES;
				CLANG_ENABLE_OBJC_ARC = YES;
				CLANG_WARN_BOOL_CONVERSION = YES;
				CLANG_WARN_CONSTANT_CONVERSION = YES;
				CLANG_WARN_DIRECT_OBJC_ISA_USAGE = YES_ERROR;
				CLANG_WARN_EMPTY_BODY = YES;
				CLANG_WARN_ENUM_CONVERSION = YES;
				CLANG_WARN_INT_CONVERSION = YES;
				CLANG_WARN_OBJC_ROOT_CLASS = YES_ERROR;
				CLANG_WARN_UNREACHABLE_CODE = YES;
				CLANG_WARN__DUPLICATE_METHOD_MATCH = YES;
				"CODE_SIGN_IDENTITY[sdk=iphoneos*]" = "iPhone Developer";
				COPY_PHASE_STRIP = NO;
				DEBUG_INFORMATION_FORMAT = dwarf;
				ENABLE_STRICT_OBJC_MSGSEND = YES;
				ENABLE_TESTABILITY = YES;
				GCC_C_LANGUAGE_STANDARD = gnu99;
				GCC_DYNAMIC_NO_PIC = NO;
				GCC_NO_COMMON_BLOCKS = YES;
				GCC_OPTIMIZATION_LEVEL = 0;
				GCC_PREPROCESSOR_DEFINITIONS = (
					"DEBUG=1",
					"$(inherited)",
				);
				GCC_WARN_64_TO_32_BIT_CONVERSION = YES;
				GCC_WARN_ABOUT_RETURN_TYPE = YES_ERROR;
				GCC_WARN_UNDECLARED_SELECTOR = YES;
				GCC_WARN_UNINITIALIZED_AUTOS = YES_AGGRESSIVE;
				GCC_WARN_UNUSED_FUNCTION = YES;
				GCC_WARN_UNUSED_VARIABLE = YES;
				IPHONEOS_DEPLOYMENT_TARGET = 9.1;
				MTL_ENABLE_DEBUG_INFO = YES;
				ONLY_ACTIVE_ARCH = YES;
				SDKROOT = iphoneos;
				SWIFT_OPTIMIZATION_LEVEL = "-Onone";
			};
			name = Debug;
		};
		02661ECC1C06A7720075131C /* Release */ = {
			isa = XCBuildConfiguration;
			buildSettings = {
				ALWAYS_SEARCH_USER_PATHS = NO;
				CLANG_CXX_LANGUAGE_STANDARD = "gnu++0x";
				CLANG_CXX_LIBRARY = "libc++";
				CLANG_ENABLE_MODULES = YES;
				CLANG_ENABLE_OBJC_ARC = YES;
				CLANG_WARN_BOOL_CONVERSION = YES;
				CLANG_WARN_CONSTANT_CONVERSION = YES;
				CLANG_WARN_DIRECT_OBJC_ISA_USAGE = YES_ERROR;
				CLANG_WARN_EMPTY_BODY = YES;
				CLANG_WARN_ENUM_CONVERSION = YES;
				CLANG_WARN_INT_CONVERSION = YES;
				CLANG_WARN_OBJC_ROOT_CLASS = YES_ERROR;
				CLANG_WARN_UNREACHABLE_CODE = YES;
				CLANG_WARN__DUPLICATE_METHOD_MATCH = YES;
				"CODE_SIGN_IDENTITY[sdk=iphoneos*]" = "iPhone Developer";
				COPY_PHASE_STRIP = NO;
				DEBUG_INFORMATION_FORMAT = "dwarf-with-dsym";
				ENABLE_NS_ASSERTIONS = NO;
				ENABLE_STRICT_OBJC_MSGSEND = YES;
				GCC_C_LANGUAGE_STANDARD = gnu99;
				GCC_NO_COMMON_BLOCKS = YES;
				GCC_WARN_64_TO_32_BIT_CONVERSION = YES;
				GCC_WARN_ABOUT_RETURN_TYPE = YES_ERROR;
				GCC_WARN_UNDECLARED_SELECTOR = YES;
				GCC_WARN_UNINITIALIZED_AUTOS = YES_AGGRESSIVE;
				GCC_WARN_UNUSED_FUNCTION = YES;
				GCC_WARN_UNUSED_VARIABLE = YES;
				IPHONEOS_DEPLOYMENT_TARGET = 9.1;
				MTL_ENABLE_DEBUG_INFO = NO;
				SDKROOT = iphoneos;
				VALIDATE_PRODUCT = YES;
			};
			name = Release;
		};
		02661ECE1C06A7720075131C /* Debug */ = {
			isa = XCBuildConfiguration;
			buildSettings = {
				ASSETCATALOG_COMPILER_APPICON_NAME = AppIcon;
				CODE_SIGN_IDENTITY = "iPhone Developer";
				INFOPLIST_FILE = ConsultarLibros/Info.plist;
				LD_RUNPATH_SEARCH_PATHS = "$(inherited) @executable_path/Frameworks";
				PRODUCT_BUNDLE_IDENTIFIER = giweb.Ejemplo1.ConsultarLibros;
				PRODUCT_NAME = "$(TARGET_NAME)";
			};
			name = Debug;
		};
		02661ECF1C06A7720075131C /* Release */ = {
			isa = XCBuildConfiguration;
			buildSettings = {
				ASSETCATALOG_COMPILER_APPICON_NAME = AppIcon;
				CODE_SIGN_IDENTITY = "iPhone Developer";
				INFOPLIST_FILE = ConsultarLibros/Info.plist;
				LD_RUNPATH_SEARCH_PATHS = "$(inherited) @executable_path/Frameworks";
				PRODUCT_BUNDLE_IDENTIFIER = giweb.Ejemplo1.ConsultarLibros;
				PRODUCT_NAME = "$(TARGET_NAME)";
			};
			name = Release;
		};
		02661ED11C06A7720075131C /* Debug */ = {
			isa = XCBuildConfiguration;
			buildSettings = {
				BUNDLE_LOADER = "$(TEST_HOST)";
				INFOPLIST_FILE = ConsultarLibrosTests/Info.plist;
				LD_RUNPATH_SEARCH_PATHS = "$(inherited) @executable_path/Frameworks @loader_path/Frameworks";
				PRODUCT_BUNDLE_IDENTIFIER = giweb.Ejemplo1.ConsultarLibrosTests;
				PRODUCT_NAME = "$(TARGET_NAME)";
				TEST_HOST = "$(BUILT_PRODUCTS_DIR)/ConsultarLibros.app/ConsultarLibros";
			};
			name = Debug;
		};
		02661ED21C06A7720075131C /* Release */ = {
			isa = XCBuildConfiguration;
			buildSettings = {
				BUNDLE_LOADER = "$(TEST_HOST)";
				INFOPLIST_FILE = ConsultarLibrosTests/Info.plist;
				LD_RUNPATH_SEARCH_PATHS = "$(inherited) @executable_path/Frameworks @loader_path/Frameworks";
				PRODUCT_BUNDLE_IDENTIFIER = giweb.Ejemplo1.ConsultarLibrosTests;
				PRODUCT_NAME = "$(TARGET_NAME)";
				TEST_HOST = "$(BUILT_PRODUCTS_DIR)/ConsultarLibros.app/ConsultarLibros";
			};
			name = Release;
		};
		02661ED41C06A7720075131C /* Debug */ = {
			isa = XCBuildConfiguration;
			buildSettings = {
				INFOPLIST_FILE = ConsultarLibrosUITests/Info.plist;
				LD_RUNPATH_SEARCH_PATHS = "$(inherited) @executable_path/Frameworks @loader_path/Frameworks";
				PRODUCT_BUNDLE_IDENTIFIER = giweb.Ejemplo1.ConsultarLibrosUITests;
				PRODUCT_NAME = "$(TARGET_NAME)";
				TEST_TARGET_NAME = ConsultarLibros;
				USES_XCTRUNNER = YES;
			};
			name = Debug;
		};
		02661ED51C06A7720075131C /* Release */ = {
			isa = XCBuildConfiguration;
			buildSettings = {
				INFOPLIST_FILE = ConsultarLibrosUITests/Info.plist;
				LD_RUNPATH_SEARCH_PATHS = "$(inherited) @executable_path/Frameworks @loader_path/Frameworks";
				PRODUCT_BUNDLE_IDENTIFIER = giweb.Ejemplo1.ConsultarLibrosUITests;
				PRODUCT_NAME = "$(TARGET_NAME)";
				TEST_TARGET_NAME = ConsultarLibros;
				USES_XCTRUNNER = YES;
			};
			name = Release;
		};
/* End XCBuildConfiguration section */

/* Begin XCConfigurationList section */
		02661EA01C06A7720075131C /* Build configuration list for PBXProject "ConsultarLibros" */ = {
			isa = XCConfigurationList;
			buildConfigurations = (
				02661ECB1C06A7720075131C /* Debug */,
				02661ECC1C06A7720075131C /* Release */,
			);
			defaultConfigurationIsVisible = 0;
			defaultConfigurationName = Release;
		};
		02661ECD1C06A7720075131C /* Build configuration list for PBXNativeTarget "ConsultarLibros" */ = {
			isa = XCConfigurationList;
			buildConfigurations = (
				02661ECE1C06A7720075131C /* Debug */,
				02661ECF1C06A7720075131C /* Release */,
			);
			defaultConfigurationIsVisible = 0;
			defaultConfigurationName = Release;
		};
		02661ED01C06A7720075131C /* Build configuration list for PBXNativeTarget "ConsultarLibrosTests" */ = {
			isa = XCConfigurationList;
			buildConfigurations = (
				02661ED11C06A7720075131C /* Debug */,
				02661ED21C06A7720075131C /* Release */,
			);
			defaultConfigurationIsVisible = 0;
			defaultConfigurationName = Release;
		};
		02661ED31C06A7720075131C /* Build configuration list for PBXNativeTarget "ConsultarLibrosUITests" */ = {
			isa = XCConfigurationList;
			buildConfigurations = (
				02661ED41C06A7720075131C /* Debug */,
				02661ED51C06A7720075131C /* Release */,
			);
			defaultConfigurationIsVisible = 0;
			defaultConfigurationName = Release;
		};
/* End XCConfigurationList section */
	};
	rootObject = 02661E9D1C06A7720075131C /* Project object */;
}
